
Microsoft Visual Studio Solution File, Format Version 12.00
# Visual Studio Version 17
VisualStudioVersion = 17.8.34309.116
MinimumVisualStudioVersion = 10.0.40219.1
Project("{2150E333-8FDC-42A3-9474-1A3956D46DE8}") = "src", "src", "{1A661632-ACF7-41A7-A9EF-E5B96D41B270}"
EndProject
Project("{9A19103F-16F7-4668-BE54-9A1E7A4F7556}") = "CustomerApp.Application", "CustomerApp.Application\CustomerApp.Application.csproj", "{DBFFAB94-4A32-4259-9A91-2FEB8FF20F07}"
EndProject
Project("{9A19103F-16F7-4668-BE54-9A1E7A4F7556}") = "CustomerApp.Domain", "CustomerApp.Domain\CustomerApp.Domain.csproj", "{397F17B2-0A81-47B4-8772-89ECC4956CBE}"
EndProject
Project("{9A19103F-16F7-4668-BE54-9A1E7A4F7556}") = "CustomerApp.Infrastructure", "CustomerApp.Infrastructure\CustomerApp.Infrastructure.csproj", "{FABA3648-E885-4220-BE63-F427C2099CC6}"
EndProject
Project("{9A19103F-16F7-4668-BE54-9A1E7A4F7556}") = "CustomerApp.Presentation", "CustomerApp.Presentation\CustomerApp.Presentation.csproj", "{671BA3FB-4E40-44CF-857E-9EF0F4CAAA95}"
EndProject
Project("{9A19103F-16F7-4668-BE54-9A1E7A4F7556}") = "CustomerApp.WebAPI", "CustomerApp.WebAPI\CustomerApp.WebAPI.csproj", "{D0746EDB-3E8D-4C5D-9328-116FEB3217BA}"
EndProject
Project("{E53339B2-1760-4266-BCC7-CA923CBCF16C}") = "docker-compose", "docker-compose.dcproj", "{8C6B99C0-8076-41FF-9BC3-DFDDACF73BA2}"
EndProject
Project("{2150E333-8FDC-42A3-9474-1A3956D46DE8}") = "Solution Items", "Solution Items", "{3752EE06-6D45-4A72-954E-18E8094AA098}"
	ProjectSection(SolutionItems) = preProject
		Directory.Build.props = Directory.Build.props
	EndProjectSection
EndProject
Project("{2150E333-8FDC-42A3-9474-1A3956D46DE8}") = "tests", "tests", "{68DFAA13-8D54-4377-96CC-0B887E59DCD0}"
EndProject
Project("{FAE04EC0-301F-11D3-BF4B-00C04F79EFBC}") = "UserApiTests", "..\UserApiTests\UserApiTests.csproj", "{1C709A85-3961-46EA-9E65-72FF490194A8}"
EndProject
Global
	GlobalSection(SolutionConfigurationPlatforms) = preSolution
		Debug|Any CPU = Debug|Any CPU
		Release|Any CPU = Release|Any CPU
	EndGlobalSection
	GlobalSection(ProjectConfigurationPlatforms) = postSolution
		{DBFFAB94-4A32-4259-9A91-2FEB8FF20F07}.Debug|Any CPU.ActiveCfg = Debug|Any CPU
		{DBFFAB94-4A32-4259-9A91-2FEB8FF20F07}.Debug|Any CPU.Build.0 = Debug|Any CPU
		{DBFFAB94-4A32-4259-9A91-2FEB8FF20F07}.Release|Any CPU.ActiveCfg = Release|Any CPU
		{DBFFAB94-4A32-4259-9A91-2FEB8FF20F07}.Release|Any CPU.Build.0 = Release|Any CPU
		{397F17B2-0A81-47B4-8772-89ECC4956CBE}.Debug|Any CPU.ActiveCfg = Debug|Any CPU
		{397F17B2-0A81-47B4-8772-89ECC4956CBE}.Debug|Any CPU.Build.0 = Debug|Any CPU
		{397F17B2-0A81-47B4-8772-89ECC4956CBE}.Release|Any CPU.ActiveCfg = Release|Any CPU
		{397F17B2-0A81-47B4-8772-89ECC4956CBE}.Release|Any CPU.Build.0 = Release|Any CPU
		{FABA3648-E885-4220-BE63-F427C2099CC6}.Debug|Any CPU.ActiveCfg = Debug|Any CPU
		{FABA3648-E885-4220-BE63-F427C2099CC6}.Debug|Any CPU.Build.0 = Debug|Any CPU
		{FABA3648-E885-4220-BE63-F427C2099CC6}.Release|Any CPU.ActiveCfg = Release|Any CPU
		{FABA3648-E885-4220-BE63-F427C2099CC6}.Release|Any CPU.Build.0 = Release|Any CPU
		{671BA3FB-4E40-44CF-857E-9EF0F4CAAA95}.Debug|Any CPU.ActiveCfg = Debug|Any CPU
		{671BA3FB-4E40-44CF-857E-9EF0F4CAAA95}.Debug|Any CPU.Build.0 = Debug|Any CPU
		{671BA3FB-4E40-44CF-857E-9EF0F4CAAA95}.Release|Any CPU.ActiveCfg = Release|Any CPU
		{671BA3FB-4E40-44CF-857E-9EF0F4CAAA95}.Release|Any CPU.Build.0 = Release|Any CPU
		{D0746EDB-3E8D-4C5D-9328-116FEB3217BA}.Debug|Any CPU.ActiveCfg = Debug|Any CPU
		{D0746EDB-3E8D-4C5D-9328-116FEB3217BA}.Debug|Any CPU.Build.0 = Debug|Any CPU
		{D0746EDB-3E8D-4C5D-9328-116FEB3217BA}.Release|Any CPU.ActiveCfg = Release|Any CPU
		{D0746EDB-3E8D-4C5D-9328-116FEB3217BA}.Release|Any CPU.Build.0 = Release|Any CPU
		{8C6B99C0-8076-41FF-9BC3-DFDDACF73BA2}.Debug|Any CPU.ActiveCfg = Debug|Any CPU
		{8C6B99C0-8076-41FF-9BC3-DFDDACF73BA2}.Debug|Any CPU.Build.0 = Debug|Any CPU
		{8C6B99C0-8076-41FF-9BC3-DFDDACF73BA2}.Release|Any CPU.ActiveCfg = Release|Any CPU
		{8C6B99C0-8076-41FF-9BC3-DFDDACF73BA2}.Release|Any CPU.Build.0 = Release|Any CPU
		{1C709A85-3961-46EA-9E65-72FF490194A8}.Debug|Any CPU.ActiveCfg = Debug|Any CPU
		{1C709A85-3961-46EA-9E65-72FF490194A8}.Debug|Any CPU.Build.0 = Debug|Any CPU
		{1C709A85-3961-46EA-9E65-72FF490194A8}.Release|Any CPU.ActiveCfg = Release|Any CPU
		{1C709A85-3961-46EA-9E65-72FF490194A8}.Release|Any CPU.Build.0 = Release|Any CPU
	EndGlobalSection
	GlobalSection(SolutionProperties) = preSolution
		HideSolutionNode = FALSE
	EndGlobalSection
	GlobalSection(NestedProjects) = preSolution
		{DBFFAB94-4A32-4259-9A91-2FEB8FF20F07} = {1A661632-ACF7-41A7-A9EF-E5B96D41B270}
		{397F17B2-0A81-47B4-8772-89ECC4956CBE} = {1A661632-ACF7-41A7-A9EF-E5B96D41B270}
		{FABA3648-E885-4220-BE63-F427C2099CC6} = {1A661632-ACF7-41A7-A9EF-E5B96D41B270}
		{671BA3FB-4E40-44CF-857E-9EF0F4CAAA95} = {1A661632-ACF7-41A7-A9EF-E5B96D41B270}
		{D0746EDB-3E8D-4C5D-9328-116FEB3217BA} = {1A661632-ACF7-41A7-A9EF-E5B96D41B270}
		{1C709A85-3961-46EA-9E65-72FF490194A8} = {68DFAA13-8D54-4377-96CC-0B887E59DCD0}
	EndGlobalSection
	GlobalSection(ExtensibilityGlobals) = postSolution
		SolutionGuid = {E062D866-4D0C-4167-AAAB-186BAC72F1F5}
	EndGlobalSection
EndGlobal
